
Microsoft Visual Studio Solution File, Format Version 12.00
# Visual Studio 14
VisualStudioVersion = 14.0.25420.1
MinimumVisualStudioVersion = 10.0.40219.1
Project("{FAE04EC0-301F-11D3-BF4B-00C04F79EFBC}") = "SWTest", "SWTest\SWTest.csproj", "{FB4AB5C5-62A2-462A-8CAB-0AD36832F79E}"
EndProject
Project("{FAE04EC0-301F-11D3-BF4B-00C04F79EFBC}") = "SWTest.Tests", "SWTest.Tests\SWTest.Tests.csproj", "{6B29E23E-702F-423B-A21D-12CE2317307D}"
EndProject
Project("{FAE04EC0-301F-11D3-BF4B-00C04F79EFBC}") = "SWTest.Data", "SWTest.Data\SWTest.Data.csproj", "{F11452E4-B08A-4D58-9146-DAED5A6E87D6}"
EndProject
Global
	GlobalSection(SolutionConfigurationPlatforms) = preSolution
		Debug|Any CPU = Debug|Any CPU
		Release|Any CPU = Release|Any CPU
	EndGlobalSection
	GlobalSection(ProjectConfigurationPlatforms) = postSolution
		{FB4AB5C5-62A2-462A-8CAB-0AD36832F79E}.Debug|Any CPU.ActiveCfg = Debug|Any CPU
		{FB4AB5C5-62A2-462A-8CAB-0AD36832F79E}.Debug|Any CPU.Build.0 = Debug|Any CPU
		{FB4AB5C5-62A2-462A-8CAB-0AD36832F79E}.Release|Any CPU.ActiveCfg = Release|Any CPU
		{FB4AB5C5-62A2-462A-8CAB-0AD36832F79E}.Release|Any CPU.Build.0 = Release|Any CPU
		{6B29E23E-702F-423B-A21D-12CE2317307D}.Debug|Any CPU.ActiveCfg = Debug|Any CPU
		{6B29E23E-702F-423B-A21D-12CE2317307D}.Debug|Any CPU.Build.0 = Debug|Any CPU
		{6B29E23E-702F-423B-A21D-12CE2317307D}.Release|Any CPU.ActiveCfg = Release|Any CPU
		{6B29E23E-702F-423B-A21D-12CE2317307D}.Release|Any CPU.Build.0 = Release|Any CPU
		{F11452E4-B08A-4D58-9146-DAED5A6E87D6}.Debug|Any CPU.ActiveCfg = Debug|Any CPU
		{F11452E4-B08A-4D58-9146-DAED5A6E87D6}.Debug|Any CPU.Build.0 = Debug|Any CPU
		{F11452E4-B08A-4D58-9146-DAED5A6E87D6}.Release|Any CPU.ActiveCfg = Release|Any CPU
		{F11452E4-B08A-4D58-9146-DAED5A6E87D6}.Release|Any CPU.Build.0 = Release|Any CPU
	EndGlobalSection
	GlobalSection(SolutionProperties) = preSolution
		HideSolutionNode = FALSE
	EndGlobalSection
EndGlobal
